<?xml version="1.0" encoding="utf-8"?>
<Project ToolsVersion="4.0" xmlns="http://schemas.microsoft.com/developer/msbuild/2003">
  <ItemGroup>
    <Filter Include="來源檔案">
      <UniqueIdentifier>{4FC737F1-C7A5-4376-A066-2A32D752A2FF}</UniqueIdentifier>
      <Extensions>cpp;c;cc;cxx;def;odl;idl;hpj;bat;asm;asmx</Extensions>
    </Filter>
    <Filter Include="標頭檔">
      <UniqueIdentifier>{93995380-89BD-4b04-88EB-625FBE52EBFB}</UniqueIdentifier>
      <Extensions>h;hh;hpp;hxx;hm;inl;inc;ipp;xsd</Extensions>
    </Filter>
    <Filter Include="資源檔">
      <UniqueIdentifier>{67DA6AB6-F800-4c08-8B7A-83BB121AAD01}</UniqueIdentifier>
      <Extensions>rc;ico;cur;bmp;dlg;rc2;rct;bin;rgs;gif;jpg;jpeg;jpe;resx;tiff;tif;png;wav;mfcribbon-ms</Extensions>
    </Filter>
  </ItemGroup>
  <ItemGroup>
    <ClInclude Include="pch.h">
      <Filter>標頭檔</Filter>
    </ClInclude>
    <ClInclude Include="stb_image.h">
      <Filter>標頭檔</Filter>
    </ClInclude>
    <ClInclude Include="Camera.h">
      <Filter>標頭檔</Filter>
    </ClInclude>
    <ClInclude Include="Xml\pugixml.hpp">
      <Filter>標頭檔</Filter>
    </ClInclude>
    <ClInclude Include="Xml\pugiconfig.hpp">
      <Filter>標頭檔</Filter>
    </ClInclude>
    <ClInclude Include="GraphicEngine\imconfig.h">
      <Filter>標頭檔</Filter>
    </ClInclude>
    <ClInclude Include="GraphicEngine\imgui.h">
      <Filter>標頭檔</Filter>
    </ClInclude>
    <ClInclude Include="GraphicEngine\imgui_impl_glfw.h">
      <Filter>標頭檔</Filter>
    </ClInclude>
    <ClInclude Include="GraphicEngine\imgui_impl_opengl3.h">
      <Filter>標頭檔</Filter>
    </ClInclude>
    <ClInclude Include="GraphicEngine\imgui_internal.h">
      <Filter>標頭檔</Filter>
    </ClInclude>
    <ClInclude Include="GraphicEngine\imstb_rectpack.h">
      <Filter>標頭檔</Filter>
    </ClInclude>
    <ClInclude Include="GraphicEngine\imstb_textedit.h">
      <Filter>標頭檔</Filter>
    </ClInclude>
    <ClInclude Include="GraphicEngine\imstb_truetype.h">
      <Filter>標頭檔</Filter>
    </ClInclude>
    <ClInclude Include="shader_m.h">
      <Filter>標頭檔</Filter>
    </ClInclude>
    <ClInclude Include="model.h">
      <Filter>標頭檔</Filter>
    </ClInclude>
    <ClInclude Include="mesh.h">
      <Filter>標頭檔</Filter>
    </ClInclude>
    <ClInclude Include="MainUI.h">
      <Filter>標頭檔</Filter>
    </ClInclude>
    <ClInclude Include="Window.h">
      <Filter>標頭檔</Filter>
    </ClInclude>
  </ItemGroup>
  <ItemGroup>
    <ClCompile Include="pch.cpp">
      <Filter>來源檔案</Filter>
    </ClCompile>
    <ClCompile Include="..\src\glad.c">
      <Filter>資源檔</Filter>
    </ClCompile>
    <ClCompile Include="Xml\pugixml.cpp">
      <Filter>來源檔案</Filter>
    </ClCompile>
    <ClCompile Include="My_GameEngine-Project.cpp">
      <Filter>來源檔案</Filter>
    </ClCompile>
    <ClCompile Include="GraphicEngine\imgui.cpp">
      <Filter>來源檔案</Filter>
    </ClCompile>
    <ClCompile Include="GraphicEngine\imgui_demo.cpp">
      <Filter>來源檔案</Filter>
    </ClCompile>
    <ClCompile Include="GraphicEngine\imgui_draw.cpp">
      <Filter>來源檔案</Filter>
    </ClCompile>
    <ClCompile Include="GraphicEngine\imgui_impl_glfw.cpp">
      <Filter>來源檔案</Filter>
    </ClCompile>
    <ClCompile Include="GraphicEngine\imgui_impl_opengl3.cpp">
      <Filter>來源檔案</Filter>
    </ClCompile>
    <ClCompile Include="GraphicEngine\imgui_widgets.cpp">
      <Filter>來源檔案</Filter>
    </ClCompile>
    <ClCompile Include="MainUI.cpp">
      <Filter>來源檔案</Filter>
    </ClCompile>
    <ClCompile Include="Window.cpp">
      <Filter>來源檔案</Filter>
    </ClCompile>
  </ItemGroup>
  <ItemGroup>
    <Image Include="Texture\r50j9AV.gif">
      <Filter>資源檔</Filter>
    </Image>
    <Image Include="Texture\04b8ee6ab06c0cc92d4d5c5c1dc413a2.jpg">
      <Filter>資源檔</Filter>
    </Image>
  </ItemGroup>
</Project>