<?xml version="1.0" encoding="utf-8"?>
<Project ToolsVersion="4.0" xmlns="http://schemas.microsoft.com/developer/msbuild/2003">
  <ItemGroup>
    <Filter Include="來源檔案">
      <UniqueIdentifier>{4FC737F1-C7A5-4376-A066-2A32D752A2FF}</UniqueIdentifier>
      <Extensions>cpp;c;cc;cxx;def;odl;idl;hpj;bat;asm;asmx</Extensions>
    </Filter>
    <Filter Include="標頭檔">
      <UniqueIdentifier>{93995380-89BD-4b04-88EB-625FBE52EBFB}</UniqueIdentifier>
      <Extensions>h;hh;hpp;hxx;hm;inl;inc;ipp;xsd</Extensions>
    </Filter>
    <Filter Include="資源檔">
      <UniqueIdentifier>{67DA6AB6-F800-4c08-8B7A-83BB121AAD01}</UniqueIdentifier>
      <Extensions>rc;ico;cur;bmp;dlg;rc2;rct;bin;rgs;gif;jpg;jpeg;jpe;resx;tiff;tif;png;wav;mfcribbon-ms</Extensions>
    </Filter>
  </ItemGroup>
  <ItemGroup>
    <ClCompile Include="..\src\glad.c">
      <Filter>資源檔</Filter>
    </ClCompile>
    <ClCompile Include="Component\Component.cpp">
      <Filter>來源檔案</Filter>
    </ClCompile>
    <ClCompile Include="Component\DirectionalLight.cpp">
      <Filter>來源檔案</Filter>
    </ClCompile>
    <ClCompile Include="Component\Meshrender.cpp">
      <Filter>來源檔案</Filter>
    </ClCompile>
    <ClCompile Include="Component\Transform.cpp">
      <Filter>來源檔案</Filter>
    </ClCompile>
    <ClCompile Include="GraphicEngine\imgui.cpp">
      <Filter>來源檔案</Filter>
    </ClCompile>
    <ClCompile Include="GraphicEngine\imgui_demo.cpp">
      <Filter>來源檔案</Filter>
    </ClCompile>
    <ClCompile Include="GraphicEngine\imgui_draw.cpp">
      <Filter>來源檔案</Filter>
    </ClCompile>
    <ClCompile Include="GraphicEngine\imgui_impl_glfw.cpp">
      <Filter>來源檔案</Filter>
    </ClCompile>
    <ClCompile Include="GraphicEngine\imgui_impl_opengl3.cpp">
      <Filter>來源檔案</Filter>
    </ClCompile>
    <ClCompile Include="GraphicEngine\imgui_widgets.cpp">
      <Filter>來源檔案</Filter>
    </ClCompile>
    <ClCompile Include="hide\MainUI.cpp">
      <Filter>來源檔案</Filter>
    </ClCompile>
    <ClCompile Include="Physics Engine\clew\clew.c">
      <Filter>來源檔案</Filter>
    </ClCompile>
    <ClCompile Include="Units\Actor.cpp">
      <Filter>來源檔案</Filter>
    </ClCompile>
    <ClCompile Include="Units\Camera.cpp">
      <Filter>來源檔案</Filter>
    </ClCompile>
    <ClCompile Include="Asteroid-GameEngine.cpp">
      <Filter>來源檔案</Filter>
    </ClCompile>
    <ClCompile Include="Raycast.cpp">
      <Filter>來源檔案</Filter>
    </ClCompile>
    <ClCompile Include="SceneManager.cpp">
      <Filter>來源檔案</Filter>
    </ClCompile>
    <ClCompile Include="Window.cpp">
      <Filter>來源檔案</Filter>
    </ClCompile>
    <ClCompile Include="ADD_Component.cpp">
      <Filter>來源檔案</Filter>
    </ClCompile>
    <ClCompile Include="World.cpp">
      <Filter>來源檔案</Filter>
    </ClCompile>
    <ClCompile Include="Component\PointLight.cpp">
      <Filter>來源檔案</Filter>
    </ClCompile>
    <ClCompile Include="Component\BoxCollision.cpp">
      <Filter>來源檔案</Filter>
    </ClCompile>
    <ClCompile Include="AGE_Model.cpp">
      <Filter>來源檔案</Filter>
    </ClCompile>
    <ClCompile Include="SkeletalMesh.cpp">
      <Filter>來源檔案</Filter>
    </ClCompile>
    <ClCompile Include="AGE_Mesh.cpp">
      <Filter>來源檔案</Filter>
    </ClCompile>
  </ItemGroup>
  <ItemGroup>
    <Image Include="Texture\r50j9AV.gif">
      <Filter>資源檔</Filter>
    </Image>
  </ItemGroup>
  <ItemGroup>
    <ClInclude Include="assimp\Compiler\poppack1.h">
      <Filter>標頭檔</Filter>
    </ClInclude>
    <ClInclude Include="assimp\Compiler\pstdint.h">
      <Filter>標頭檔</Filter>
    </ClInclude>
    <ClInclude Include="assimp\Compiler\pushpack1.h">
      <Filter>標頭檔</Filter>
    </ClInclude>
    <ClInclude Include="assimp\port\AndroidJNI\AndroidJNIIOSystem.h">
      <Filter>標頭檔</Filter>
    </ClInclude>
    <ClInclude Include="assimp\ai_assert.h">
      <Filter>標頭檔</Filter>
    </ClInclude>
    <ClInclude Include="assimp\anim.h">
      <Filter>標頭檔</Filter>
    </ClInclude>
    <ClInclude Include="assimp\camera.h">
      <Filter>標頭檔</Filter>
    </ClInclude>
    <ClInclude Include="assimp\cexport.h">
      <Filter>標頭檔</Filter>
    </ClInclude>
    <ClInclude Include="assimp\cfileio.h">
      <Filter>標頭檔</Filter>
    </ClInclude>
    <ClInclude Include="assimp\cimport.h">
      <Filter>標頭檔</Filter>
    </ClInclude>
    <ClInclude Include="assimp\color4.h">
      <Filter>標頭檔</Filter>
    </ClInclude>
    <ClInclude Include="assimp\config.h">
      <Filter>標頭檔</Filter>
    </ClInclude>
    <ClInclude Include="assimp\DefaultIOStream.h">
      <Filter>標頭檔</Filter>
    </ClInclude>
    <ClInclude Include="assimp\DefaultIOSystem.h">
      <Filter>標頭檔</Filter>
    </ClInclude>
    <ClInclude Include="assimp\DefaultLogger.hpp">
      <Filter>標頭檔</Filter>
    </ClInclude>
    <ClInclude Include="assimp\Defines.h">
      <Filter>標頭檔</Filter>
    </ClInclude>
    <ClInclude Include="assimp\defs.h">
      <Filter>標頭檔</Filter>
    </ClInclude>
    <ClInclude Include="assimp\Exporter.hpp">
      <Filter>標頭檔</Filter>
    </ClInclude>
    <ClInclude Include="assimp\Importer.hpp">
      <Filter>標頭檔</Filter>
    </ClInclude>
    <ClInclude Include="assimp\importerdesc.h">
      <Filter>標頭檔</Filter>
    </ClInclude>
    <ClInclude Include="assimp\IOStream.hpp">
      <Filter>標頭檔</Filter>
    </ClInclude>
    <ClInclude Include="assimp\IOSystem.hpp">
      <Filter>標頭檔</Filter>
    </ClInclude>
    <ClInclude Include="assimp\light.h">
      <Filter>標頭檔</Filter>
    </ClInclude>
    <ClInclude Include="assimp\Logger.hpp">
      <Filter>標頭檔</Filter>
    </ClInclude>
    <ClInclude Include="assimp\LogStream.hpp">
      <Filter>標頭檔</Filter>
    </ClInclude>
    <ClInclude Include="assimp\material.h">
      <Filter>標頭檔</Filter>
    </ClInclude>
    <ClInclude Include="assimp\matrix3x3.h">
      <Filter>標頭檔</Filter>
    </ClInclude>
    <ClInclude Include="assimp\matrix4x4.h">
      <Filter>標頭檔</Filter>
    </ClInclude>
    <ClInclude Include="assimp\mesh.h">
      <Filter>標頭檔</Filter>
    </ClInclude>
    <ClInclude Include="assimp\metadata.h">
      <Filter>標頭檔</Filter>
    </ClInclude>
    <ClInclude Include="assimp\NullLogger.hpp">
      <Filter>標頭檔</Filter>
    </ClInclude>
    <ClInclude Include="assimp\postprocess.h">
      <Filter>標頭檔</Filter>
    </ClInclude>
    <ClInclude Include="assimp\ProgressHandler.hpp">
      <Filter>標頭檔</Filter>
    </ClInclude>
    <ClInclude Include="assimp\quaternion.h">
      <Filter>標頭檔</Filter>
    </ClInclude>
    <ClInclude Include="assimp\scene.h">
      <Filter>標頭檔</Filter>
    </ClInclude>
    <ClInclude Include="assimp\SceneCombiner.h">
      <Filter>標頭檔</Filter>
    </ClInclude>
    <ClInclude Include="assimp\texture.h">
      <Filter>標頭檔</Filter>
    </ClInclude>
    <ClInclude Include="assimp\types.h">
      <Filter>標頭檔</Filter>
    </ClInclude>
    <ClInclude Include="assimp\vector2.h">
      <Filter>標頭檔</Filter>
    </ClInclude>
    <ClInclude Include="assimp\vector3.h">
      <Filter>標頭檔</Filter>
    </ClInclude>
    <ClInclude Include="assimp\version.h">
      <Filter>標頭檔</Filter>
    </ClInclude>
    <ClInclude Include="Component\Component.h">
      <Filter>標頭檔</Filter>
    </ClInclude>
    <ClInclude Include="Component\DirectionalLight.h">
      <Filter>標頭檔</Filter>
    </ClInclude>
    <ClInclude Include="Component\Meshrender.h">
      <Filter>標頭檔</Filter>
    </ClInclude>
    <ClInclude Include="Component\PointLight.h">
      <Filter>標頭檔</Filter>
    </ClInclude>
    <ClInclude Include="Component\Transform.h">
      <Filter>標頭檔</Filter>
    </ClInclude>
    <ClInclude Include="GraphicEngine\imconfig.h">
      <Filter>標頭檔</Filter>
    </ClInclude>
    <ClInclude Include="GraphicEngine\imgui.h">
      <Filter>標頭檔</Filter>
    </ClInclude>
    <ClInclude Include="GraphicEngine\imgui_impl_glfw.h">
      <Filter>標頭檔</Filter>
    </ClInclude>
    <ClInclude Include="GraphicEngine\imgui_impl_opengl3.h">
      <Filter>標頭檔</Filter>
    </ClInclude>
    <ClInclude Include="GraphicEngine\imgui_internal.h">
      <Filter>標頭檔</Filter>
    </ClInclude>
    <ClInclude Include="GraphicEngine\imstb_rectpack.h">
      <Filter>標頭檔</Filter>
    </ClInclude>
    <ClInclude Include="GraphicEngine\imstb_textedit.h">
      <Filter>標頭檔</Filter>
    </ClInclude>
    <ClInclude Include="GraphicEngine\imstb_truetype.h">
      <Filter>標頭檔</Filter>
    </ClInclude>
    <ClInclude Include="Physics Engine\clew\clew.h">
      <Filter>標頭檔</Filter>
    </ClInclude>
    <ClInclude Include="Units\Actor.h">
      <Filter>標頭檔</Filter>
    </ClInclude>
    <ClInclude Include="Units\Camera.h">
      <Filter>標頭檔</Filter>
    </ClInclude>
    <ClInclude Include="Raycast.h">
      <Filter>標頭檔</Filter>
    </ClInclude>
    <ClInclude Include="SceneManager.h">
      <Filter>標頭檔</Filter>
    </ClInclude>
    <ClInclude Include="shader_m.h">
      <Filter>標頭檔</Filter>
    </ClInclude>
    <ClInclude Include="stb_image.h">
      <Filter>標頭檔</Filter>
    </ClInclude>
    <ClInclude Include="Window.h">
      <Filter>標頭檔</Filter>
    </ClInclude>
    <ClInclude Include="ADD_Component.h">
      <Filter>標頭檔</Filter>
    </ClInclude>
    <ClInclude Include="World.h">
      <Filter>標頭檔</Filter>
    </ClInclude>
    <ClInclude Include="GraphicEngine\GLDebugDrawer.h">
      <Filter>標頭檔</Filter>
    </ClInclude>
    <ClInclude Include="Math\Math.h">
      <Filter>標頭檔</Filter>
    </ClInclude>
    <ClInclude Include="Physics Engine\CommonInterfaces\Common2dCanvasInterface.h">
      <Filter>標頭檔</Filter>
    </ClInclude>
    <ClInclude Include="Physics Engine\CommonInterfaces\CommonCallbacks.h">
      <Filter>標頭檔</Filter>
    </ClInclude>
    <ClInclude Include="Physics Engine\CommonInterfaces\CommonCameraInterface.h">
      <Filter>標頭檔</Filter>
    </ClInclude>
    <ClInclude Include="Physics Engine\CommonInterfaces\CommonExampleInterface.h">
      <Filter>標頭檔</Filter>
    </ClInclude>
    <ClInclude Include="Physics Engine\CommonInterfaces\CommonFileIOInterface.h">
      <Filter>標頭檔</Filter>
    </ClInclude>
    <ClInclude Include="Physics Engine\CommonInterfaces\CommonGraphicsAppInterface.h">
      <Filter>標頭檔</Filter>
    </ClInclude>
    <ClInclude Include="Physics Engine\CommonInterfaces\CommonGUIHelperInterface.h">
      <Filter>標頭檔</Filter>
    </ClInclude>
    <ClInclude Include="Physics Engine\CommonInterfaces\CommonMultiBodyBase.h">
      <Filter>標頭檔</Filter>
    </ClInclude>
    <ClInclude Include="Physics Engine\CommonInterfaces\CommonParameterInterface.h">
      <Filter>標頭檔</Filter>
    </ClInclude>
    <ClInclude Include="Physics Engine\CommonInterfaces\CommonRenderInterface.h">
      <Filter>標頭檔</Filter>
    </ClInclude>
    <ClInclude Include="Physics Engine\CommonInterfaces\CommonRigidBodyBase.h">
      <Filter>標頭檔</Filter>
    </ClInclude>
    <ClInclude Include="Physics Engine\CommonInterfaces\CommonWindowInterface.h">
      <Filter>標頭檔</Filter>
    </ClInclude>
    <ClInclude Include="GraphicEngine\imgui_Custom.h">
      <Filter>標頭檔</Filter>
    </ClInclude>
    <ClInclude Include="Component\BoxCollision.h">
      <Filter>標頭檔</Filter>
    </ClInclude>
    <ClInclude Include="Animation\SkeletalAnimation.h">
      <Filter>標頭檔</Filter>
    </ClInclude>
    <ClInclude Include="AGE_Model.h">
      <Filter>標頭檔</Filter>
    </ClInclude>
    <ClInclude Include="SkeletalMesh.h">
      <Filter>標頭檔</Filter>
    </ClInclude>
    <ClInclude Include="AGE_Mesh.h">
      <Filter>標頭檔</Filter>
    </ClInclude>
  </ItemGroup>
  <ItemGroup>
    <None Include="assimp\color4.inl">
      <Filter>標頭檔</Filter>
    </None>
    <None Include="assimp\material.inl">
      <Filter>標頭檔</Filter>
    </None>
    <None Include="assimp\matrix3x3.inl">
      <Filter>標頭檔</Filter>
    </None>
    <None Include="assimp\matrix4x4.inl">
      <Filter>標頭檔</Filter>
    </None>
    <None Include="assimp\quaternion.inl">
      <Filter>標頭檔</Filter>
    </None>
    <None Include="assimp\vector2.inl">
      <Filter>標頭檔</Filter>
    </None>
    <None Include="assimp\vector3.inl">
      <Filter>標頭檔</Filter>
    </None>
  </ItemGroup>
</Project>